
Microsoft Visual Studio Solution File, Format Version 12.00
# Visual Studio Version 17
VisualStudioVersion = 17.11.35208.52
MinimumVisualStudioVersion = 10.0.40219.1
Project("{2150E333-8FDC-42A3-9474-1A3956D46DE8}") = "Clients", "Clients", "{06AC73DA-9B2D-44A6-9B6E-CA1D2C7DA319}"
EndProject
Project("{9A19103F-16F7-4668-BE54-9A1E7A4F7556}") = "ServiciosGrupoMundial.TechnicalTest.WebAPI", "ServiciosGrupoMundial.TechnicalTest.WebAPI\ServiciosGrupoMundial.TechnicalTest.WebAPI.csproj", "{49B9C4F2-7699-4F67-A510-047957F0D33D}"
EndProject
Project("{2150E333-8FDC-42A3-9474-1A3956D46DE8}") = "Cores", "Cores", "{CEF1B136-E810-45FB-8043-09582934B1C3}"
EndProject
Project("{9A19103F-16F7-4668-BE54-9A1E7A4F7556}") = "ServiciosGrupoMundial.TechnicalTest.BusinessLogic", "ServiciosGrupoMundial.TechnicalTest.BusinessLogic\ServiciosGrupoMundial.TechnicalTest.BusinessLogic.csproj", "{6478DCEB-9D39-4AB1-8F9F-4E4B7C0E2781}"
EndProject
Project("{9A19103F-16F7-4668-BE54-9A1E7A4F7556}") = "ServiciosGrupoMundial.TechnicalTest.BusinessObjects", "ServiciosGrupoMundial.TechnicalTest.BusinessObjects\ServiciosGrupoMundial.TechnicalTest.BusinessObjects.csproj", "{957CEB47-D1F2-42AF-AD8C-2F00841182BB}"
EndProject
Project("{2150E333-8FDC-42A3-9474-1A3956D46DE8}") = "Test", "Test", "{372657E0-E7BE-48A1-853E-A44FC47F1802}"
EndProject
Project("{FAE04EC0-301F-11D3-BF4B-00C04F79EFBC}") = "ServiciosGrupoMundial.TechnicalTest.UnitTests", "ServiciosGrupoMundial.TechnicalTest.UnitTests\ServiciosGrupoMundial.TechnicalTest.UnitTests.csproj", "{025D5C7A-F5E0-4845-80BA-E34A70E6737D}"
EndProject
Global
	GlobalSection(SolutionConfigurationPlatforms) = preSolution
		Debug|Any CPU = Debug|Any CPU
		Release|Any CPU = Release|Any CPU
	EndGlobalSection
	GlobalSection(ProjectConfigurationPlatforms) = postSolution
		{49B9C4F2-7699-4F67-A510-047957F0D33D}.Debug|Any CPU.ActiveCfg = Debug|Any CPU
		{49B9C4F2-7699-4F67-A510-047957F0D33D}.Debug|Any CPU.Build.0 = Debug|Any CPU
		{49B9C4F2-7699-4F67-A510-047957F0D33D}.Release|Any CPU.ActiveCfg = Release|Any CPU
		{49B9C4F2-7699-4F67-A510-047957F0D33D}.Release|Any CPU.Build.0 = Release|Any CPU
		{6478DCEB-9D39-4AB1-8F9F-4E4B7C0E2781}.Debug|Any CPU.ActiveCfg = Debug|Any CPU
		{6478DCEB-9D39-4AB1-8F9F-4E4B7C0E2781}.Debug|Any CPU.Build.0 = Debug|Any CPU
		{6478DCEB-9D39-4AB1-8F9F-4E4B7C0E2781}.Release|Any CPU.ActiveCfg = Release|Any CPU
		{6478DCEB-9D39-4AB1-8F9F-4E4B7C0E2781}.Release|Any CPU.Build.0 = Release|Any CPU
		{957CEB47-D1F2-42AF-AD8C-2F00841182BB}.Debug|Any CPU.ActiveCfg = Debug|Any CPU
		{957CEB47-D1F2-42AF-AD8C-2F00841182BB}.Debug|Any CPU.Build.0 = Debug|Any CPU
		{957CEB47-D1F2-42AF-AD8C-2F00841182BB}.Release|Any CPU.ActiveCfg = Release|Any CPU
		{957CEB47-D1F2-42AF-AD8C-2F00841182BB}.Release|Any CPU.Build.0 = Release|Any CPU
		{025D5C7A-F5E0-4845-80BA-E34A70E6737D}.Debug|Any CPU.ActiveCfg = Debug|Any CPU
		{025D5C7A-F5E0-4845-80BA-E34A70E6737D}.Debug|Any CPU.Build.0 = Debug|Any CPU
		{025D5C7A-F5E0-4845-80BA-E34A70E6737D}.Release|Any CPU.ActiveCfg = Release|Any CPU
		{025D5C7A-F5E0-4845-80BA-E34A70E6737D}.Release|Any CPU.Build.0 = Release|Any CPU
	EndGlobalSection
	GlobalSection(SolutionProperties) = preSolution
		HideSolutionNode = FALSE
	EndGlobalSection
	GlobalSection(NestedProjects) = preSolution
		{49B9C4F2-7699-4F67-A510-047957F0D33D} = {06AC73DA-9B2D-44A6-9B6E-CA1D2C7DA319}
		{6478DCEB-9D39-4AB1-8F9F-4E4B7C0E2781} = {CEF1B136-E810-45FB-8043-09582934B1C3}
		{957CEB47-D1F2-42AF-AD8C-2F00841182BB} = {CEF1B136-E810-45FB-8043-09582934B1C3}
		{025D5C7A-F5E0-4845-80BA-E34A70E6737D} = {372657E0-E7BE-48A1-853E-A44FC47F1802}
	EndGlobalSection
	GlobalSection(ExtensibilityGlobals) = postSolution
		SolutionGuid = {03F9ACEC-BAB1-4910-A236-28BE2A81E167}
	EndGlobalSection
EndGlobal
